
Microsoft Visual Studio Solution File, Format Version 12.00
# Visual Studio Version 17
VisualStudioVersion = 17.3.32901.215
MinimumVisualStudioVersion = 10.0.40219.1
Project("{FAE04EC0-301F-11D3-BF4B-00C04F79EFBC}") = "OstreCWEB", "OstreCWEB\OstreCWEB.csproj", "{C51C4FEF-6CBE-4EE6-A8C3-3D3226EB86F6}"
EndProject
Project("{9A19103F-16F7-4668-BE54-9A1E7A4F7556}") = "OstreCWEB.Services", "OstreCWEB.Services\OstreCWEB.Services.csproj", "{4539B49A-D9CE-4580-97F6-A1B0694D706F}"
EndProject
Project("{9A19103F-16F7-4668-BE54-9A1E7A4F7556}") = "OstreCWEB.Data", "OstreCWEB.Data\OstreCWEB.Data.csproj", "{9A21915F-DA9F-4770-9543-06901954FE1E}"
EndProject
Global
	GlobalSection(SolutionConfigurationPlatforms) = preSolution
		Debug|Any CPU = Debug|Any CPU
		Release|Any CPU = Release|Any CPU
	EndGlobalSection
	GlobalSection(ProjectConfigurationPlatforms) = postSolution
		{C51C4FEF-6CBE-4EE6-A8C3-3D3226EB86F6}.Debug|Any CPU.ActiveCfg = Debug|Any CPU
		{C51C4FEF-6CBE-4EE6-A8C3-3D3226EB86F6}.Debug|Any CPU.Build.0 = Debug|Any CPU
		{C51C4FEF-6CBE-4EE6-A8C3-3D3226EB86F6}.Release|Any CPU.ActiveCfg = Release|Any CPU
		{C51C4FEF-6CBE-4EE6-A8C3-3D3226EB86F6}.Release|Any CPU.Build.0 = Release|Any CPU
		{4539B49A-D9CE-4580-97F6-A1B0694D706F}.Debug|Any CPU.ActiveCfg = Debug|Any CPU
		{4539B49A-D9CE-4580-97F6-A1B0694D706F}.Debug|Any CPU.Build.0 = Debug|Any CPU
		{4539B49A-D9CE-4580-97F6-A1B0694D706F}.Release|Any CPU.ActiveCfg = Release|Any CPU
		{4539B49A-D9CE-4580-97F6-A1B0694D706F}.Release|Any CPU.Build.0 = Release|Any CPU
		{9A21915F-DA9F-4770-9543-06901954FE1E}.Debug|Any CPU.ActiveCfg = Debug|Any CPU
		{9A21915F-DA9F-4770-9543-06901954FE1E}.Debug|Any CPU.Build.0 = Debug|Any CPU
		{9A21915F-DA9F-4770-9543-06901954FE1E}.Release|Any CPU.ActiveCfg = Release|Any CPU
		{9A21915F-DA9F-4770-9543-06901954FE1E}.Release|Any CPU.Build.0 = Release|Any CPU
	EndGlobalSection
	GlobalSection(SolutionProperties) = preSolution
		HideSolutionNode = FALSE
	EndGlobalSection
	GlobalSection(ExtensibilityGlobals) = postSolution
		SolutionGuid = {0091DD3A-149C-4E7E-A461-D7A9202D2CF5}
	EndGlobalSection
EndGlobal
